// !$*UTF8*$!
{
	archiveVersion = 1;
	classes = {
	};
	objectVersion = 46;
	objects = {

/* Begin PBXBuildFile section */
		1EE08A571E714A8300D2B9E2 /* ReactNativeFirebaseGtm.m in Sources */ = {isa = PBXBuildFile; fileRef = 1EE08A551E714A8300D2B9E2 /* ReactNativeFirebaseGtm.m */; };
		5FEDE7811EAF89EF00F7ED6F /* ReactNativeFirebaseRemoteConfig.m in Sources */ = {isa = PBXBuildFile; fileRef = 5FEDE7801EAF89EF00F7ED6F /* ReactNativeFirebaseRemoteConfig.m */; };
		BD755C6E25B043C700EDD6DC /* ReactNativeFirebaseCrashlytics.m in Sources */ = {isa = PBXBuildFile; fileRef = BD755C6D25B043C700EDD6DC /* ReactNativeFirebaseCrashlytics.m */; };
/* End PBXBuildFile section */

/* Begin PBXCopyFilesBuildPhase section */
		1EE543141D2B58AC003A909C /* CopyFiles */ = {
			isa = PBXCopyFilesBuildPhase;
			buildActionMask = 2147483647;
			dstPath = "include/$(PRODUCT_NAME)";
			dstSubfolderSpec = 16;
			files = (
			);
			runOnlyForDeploymentPostprocessing = 0;
		};
/* End PBXCopyFilesBuildPhase section */

/* Begin PBXFileReference section */
		1EE08A551E714A8300D2B9E2 /* ReactNativeFirebaseGtm.m */ = {isa = PBXFileReference; fileEncoding = 4; lastKnownFileType = sourcecode.c.objc; path = ReactNativeFirebaseGtm.m; sourceTree = "<group>"; };
		1EE08A561E714A8300D2B9E2 /* ReactNativeFirebaseGtm.h */ = {isa = PBXFileReference; fileEncoding = 4; lastKnownFileType = sourcecode.c.h; path = ReactNativeFirebaseGtm.h; sourceTree = "<group>"; };
		1EE543161D2B58AC003A909C /* libReactNativeFirebaseGtm.a */ = {isa = PBXFileReference; explicitFileType = archive.ar; includeInIndex = 0; path = libReactNativeFirebaseGtm.a; sourceTree = BUILT_PRODUCTS_DIR; };
		5FEDE77F1EAF89EF00F7ED6F /* ReactNativeFirebaseRemoteConfig.h */ = {isa = PBXFileReference; fileEncoding = 4; lastKnownFileType = sourcecode.c.h; path = ReactNativeFirebaseRemoteConfig.h; sourceTree = "<group>"; };
		5FEDE7801EAF89EF00F7ED6F /* ReactNativeFirebaseRemoteConfig.m */ = {isa = PBXFileReference; fileEncoding = 4; lastKnownFileType = sourcecode.c.objc; path = ReactNativeFirebaseRemoteConfig.m; sourceTree = "<group>"; };
		7A264174231797840063993C /* libGoogleToolboxForMac.a */ = {isa = PBXFileReference; explicitFileType = archive.ar; path = libGoogleToolboxForMac.a; sourceTree = BUILT_PRODUCTS_DIR; };
		BD755C6C25B043C700EDD6DC /* ReactNativeFirebaseCrashlytics.h */ = {isa = PBXFileReference; fileEncoding = 4; lastKnownFileType = sourcecode.c.h; path = ReactNativeFirebaseCrashlytics.h; sourceTree = "<group>"; };
		BD755C6D25B043C700EDD6DC /* ReactNativeFirebaseCrashlytics.m */ = {isa = PBXFileReference; fileEncoding = 4; lastKnownFileType = sourcecode.c.objc; path = ReactNativeFirebaseCrashlytics.m; sourceTree = "<group>"; };
/* End PBXFileReference section */

/* Begin PBXFrameworksBuildPhase section */
		1EE543131D2B58AC003A909C /* Frameworks */ = {
			isa = PBXFrameworksBuildPhase;
			buildActionMask = 2147483647;
			files = (
			);
			runOnlyForDeploymentPostprocessing = 0;
		};
/* End PBXFrameworksBuildPhase section */

/* Begin PBXGroup section */
		1EE5430D1D2B58AC003A909C = {
			isa = PBXGroup;
			children = (
				BD755C6C25B043C700EDD6DC /* ReactNativeFirebaseCrashlytics.h */,
				BD755C6D25B043C700EDD6DC /* ReactNativeFirebaseCrashlytics.m */,
				1EE08A551E714A8300D2B9E2 /* ReactNativeFirebaseGtm.m */,
				1EE08A561E714A8300D2B9E2 /* ReactNativeFirebaseGtm.h */,
				5FEDE7801EAF89EF00F7ED6F /* ReactNativeFirebaseRemoteConfig.m */,
				5FEDE77F1EAF89EF00F7ED6F /* ReactNativeFirebaseRemoteConfig.h */,
				1EE543171D2B58AC003A909C /* Products */,
				7A264173231797840063993C /* Frameworks */,
			);
			sourceTree = "<group>";
		};
		1EE543171D2B58AC003A909C /* Products */ = {
			isa = PBXGroup;
			children = (
				1EE543161D2B58AC003A909C /* libReactNativeFirebaseGtm.a */,
			);
			name = Products;
			sourceTree = "<group>";
		};
		7A264173231797840063993C /* Frameworks */ = {
			isa = PBXGroup;
			children = (
				7A264174231797840063993C /* libGoogleToolboxForMac.a */,
			);
			name = Frameworks;
			sourceTree = "<group>";
		};
/* End PBXGroup section */

/* Begin PBXNativeTarget section */
		1EE543151D2B58AC003A909C /* ReactNativeFirebaseGtm */ = {
			isa = PBXNativeTarget;
			buildConfigurationList = 1EE5431F1D2B58AC003A909C /* Build configuration list for PBXNativeTarget "ReactNativeFirebaseGtm" */;
			buildPhases = (
				1EE543121D2B58AC003A909C /* Sources */,
				1EE543131D2B58AC003A909C /* Frameworks */,
				1EE543141D2B58AC003A909C /* CopyFiles */,
			);
			buildRules = (
			);
			dependencies = (
			);
			name = ReactNativeFirebaseGtm;
			productName = "react-native-gtm";
			productReference = 1EE543161D2B58AC003A909C /* libReactNativeFirebaseGtm.a */;
			productType = "com.apple.product-type.library.static";
		};
/* End PBXNativeTarget section */

/* Begin PBXProject section */
		1EE5430E1D2B58AC003A909C /* Project object */ = {
			isa = PBXProject;
			attributes = {
				LastUpgradeCheck = 0720;
				ORGANIZATIONNAME = irvingdp;
				TargetAttributes = {
					1EE543151D2B58AC003A909C = {
						CreatedOnToolsVersion = 7.2;
					};
				};
			};
			buildConfigurationList = 1EE543111D2B58AC003A909C /* Build configuration list for PBXProject "ReactNativeFirebaseGtm" */;
			compatibilityVersion = "Xcode 3.2";
			developmentRegion = English;
			hasScannedForEncodings = 0;
			knownRegions = (
				English,
				en,
			);
			mainGroup = 1EE5430D1D2B58AC003A909C;
			productRefGroup = 1EE543171D2B58AC003A909C /* Products */;
			projectDirPath = "";
			projectRoot = "";
			targets = (
				1EE543151D2B58AC003A909C /* ReactNativeFirebaseGtm */,
			);
		};
/* End PBXProject section */

/* Begin PBXSourcesBuildPhase section */
		1EE543121D2B58AC003A909C /* Sources */ = {
			isa = PBXSourcesBuildPhase;
			buildActionMask = 2147483647;
			files = (
				1EE08A571E714A8300D2B9E2 /* ReactNativeFirebaseGtm.m in Sources */,
				5FEDE7811EAF89EF00F7ED6F /* ReactNativeFirebaseRemoteConfig.m in Sources */,
				BD755C6E25B043C700EDD6DC /* ReactNativeFirebaseCrashlytics.m in Sources */,
			);
			runOnlyForDeploymentPostprocessing = 0;
		};
/* End PBXSourcesBuildPhase section */

/* Begin XCBuildConfiguration section */
		1EE5431D1D2B58AC003A909C /* Debug */ = {
			isa = XCBuildConfiguration;
			buildSettings = {
				ALWAYS_SEARCH_USER_PATHS = NO;
				CLANG_CXX_LANGUAGE_STANDARD = "gnu++0x";
				CLANG_CXX_LIBRARY = "libc++";
				CLANG_ENABLE_MODULES = YES;
				CLANG_ENABLE_OBJC_ARC = YES;
				CLANG_WARN_BOOL_CONVERSION = YES;
				CLANG_WARN_CONSTANT_CONVERSION = YES;
				CLANG_WARN_DIRECT_OBJC_ISA_USAGE = YES_ERROR;
				CLANG_WARN_EMPTY_BODY = YES;
				CLANG_WARN_ENUM_CONVERSION = YES;
				CLANG_WARN_INT_CONVERSION = YES;
				CLANG_WARN_OBJC_ROOT_CLASS = YES_ERROR;
				CLANG_WARN_UNREACHABLE_CODE = YES;
				CLANG_WARN__DUPLICATE_METHOD_MATCH = YES;
				"CODE_SIGN_IDENTITY[sdk=iphoneos*]" = "iPhone Developer";
				COPY_PHASE_STRIP = NO;
				DEBUG_INFORMATION_FORMAT = dwarf;
				ENABLE_STRICT_OBJC_MSGSEND = YES;
				ENABLE_TESTABILITY = YES;
				GCC_C_LANGUAGE_STANDARD = gnu99;
				GCC_DYNAMIC_NO_PIC = NO;
				GCC_NO_COMMON_BLOCKS = YES;
				GCC_OPTIMIZATION_LEVEL = 0;
				GCC_PREPROCESSOR_DEFINITIONS = (
					"DEBUG=1",
					"$(inherited)",
				);
				GCC_WARN_64_TO_32_BIT_CONVERSION = YES;
				GCC_WARN_ABOUT_RETURN_TYPE = YES_ERROR;
				GCC_WARN_UNDECLARED_SELECTOR = YES;
				GCC_WARN_UNINITIALIZED_AUTOS = YES_AGGRESSIVE;
				GCC_WARN_UNUSED_FUNCTION = YES;
				GCC_WARN_UNUSED_VARIABLE = YES;
				IPHONEOS_DEPLOYMENT_TARGET = 9.2;
				MTL_ENABLE_DEBUG_INFO = YES;
				ONLY_ACTIVE_ARCH = YES;
				SDKROOT = iphoneos;
			};
			name = Debug;
		};
		1EE5431E1D2B58AC003A909C /* Release */ = {
			isa = XCBuildConfiguration;
			buildSettings = {
				ALWAYS_SEARCH_USER_PATHS = NO;
				CLANG_CXX_LANGUAGE_STANDARD = "gnu++0x";
				CLANG_CXX_LIBRARY = "libc++";
				CLANG_ENABLE_MODULES = YES;
				CLANG_ENABLE_OBJC_ARC = YES;
				CLANG_WARN_BOOL_CONVERSION = YES;
				CLANG_WARN_CONSTANT_CONVERSION = YES;
				CLANG_WARN_DIRECT_OBJC_ISA_USAGE = YES_ERROR;
				CLANG_WARN_EMPTY_BODY = YES;
				CLANG_WARN_ENUM_CONVERSION = YES;
				CLANG_WARN_INT_CONVERSION = YES;
				CLANG_WARN_OBJC_ROOT_CLASS = YES_ERROR;
				CLANG_WARN_UNREACHABLE_CODE = YES;
				CLANG_WARN__DUPLICATE_METHOD_MATCH = YES;
				"CODE_SIGN_IDENTITY[sdk=iphoneos*]" = "iPhone Developer";
				COPY_PHASE_STRIP = NO;
				DEBUG_INFORMATION_FORMAT = "dwarf-with-dsym";
				ENABLE_NS_ASSERTIONS = NO;
				ENABLE_STRICT_OBJC_MSGSEND = YES;
				GCC_C_LANGUAGE_STANDARD = gnu99;
				GCC_NO_COMMON_BLOCKS = YES;
				GCC_WARN_64_TO_32_BIT_CONVERSION = YES;
				GCC_WARN_ABOUT_RETURN_TYPE = YES_ERROR;
				GCC_WARN_UNDECLARED_SELECTOR = YES;
				GCC_WARN_UNINITIALIZED_AUTOS = YES_AGGRESSIVE;
				GCC_WARN_UNUSED_FUNCTION = YES;
				GCC_WARN_UNUSED_VARIABLE = YES;
				IPHONEOS_DEPLOYMENT_TARGET = 9.2;
				MTL_ENABLE_DEBUG_INFO = NO;
				SDKROOT = iphoneos;
				VALIDATE_PRODUCT = YES;
			};
			name = Release;
		};
		1EE543201D2B58AC003A909C /* Debug */ = {
			isa = XCBuildConfiguration;
			buildSettings = {
				FRAMEWORK_SEARCH_PATHS = "$(inherited)";
				HEADER_SEARCH_PATHS = (
					"$(SRCROOT)/../../react-native/React/**",
					"$(SRCROOT)/../node_modules/react-native/React/**",
					"$(SRCROOT)/../../../ios/Pods/**",
					"$(SRCROOT)/../../../ios/Pods/FirebaseRemoteConfig/Frameworks/FirebaseRemoteConfig.framework/Headers",
					"$(SRCROOT)/../../../ios/Pods/FirebaseAnalytics/Frameworks/FirebaseAnalytics.framework/Headers",
				);
				LIBRARY_SEARCH_PATHS = "";
				OTHER_LDFLAGS = "-ObjC";
				PRODUCT_NAME = "$(TARGET_NAME)";
				SKIP_INSTALL = YES;
			};
			name = Debug;
		};
		1EE543211D2B58AC003A909C /* Release */ = {
			isa = XCBuildConfiguration;
			buildSettings = {
				FRAMEWORK_SEARCH_PATHS = "$(inherited)";
				HEADER_SEARCH_PATHS = (
					"$(SRCROOT)/../../react-native/React/**",
					"$(SRCROOT)/../node_modules/react-native/React/**",
					"$(SRCROOT)/../../../ios/Pods/**",
					"$(SRCROOT)/../../../ios/Pods/FirebaseRemoteConfig/Frameworks/FirebaseRemoteConfig.framework/Headers",
					"$(SRCROOT)/../../../ios/Pods/FirebaseAnalytics/Frameworks/FirebaseAnalytics.framework/Headers",
				);
				LIBRARY_SEARCH_PATHS = "";
				OTHER_LDFLAGS = "-ObjC";
				PRODUCT_NAME = "$(TARGET_NAME)";
				SKIP_INSTALL = YES;
			};
			name = Release;
		};
/* End XCBuildConfiguration section */

/* Begin XCConfigurationList section */
		1EE543111D2B58AC003A909C /* Build configuration list for PBXProject "ReactNativeFirebaseGtm" */ = {
			isa = XCConfigurationList;
			buildConfigurations = (
				1EE5431D1D2B58AC003A909C /* Debug */,
				1EE5431E1D2B58AC003A909C /* Release */,
			);
			defaultConfigurationIsVisible = 0;
			defaultConfigurationName = Release;
		};
		1EE5431F1D2B58AC003A909C /* Build configuration list for PBXNativeTarget "ReactNativeFirebaseGtm" */ = {
			isa = XCConfigurationList;
			buildConfigurations = (
				1EE543201D2B58AC003A909C /* Debug */,
				1EE543211D2B58AC003A909C /* Release */,
			);
			defaultConfigurationIsVisible = 0;
			defaultConfigurationName = Release;
		};
/* End XCConfigurationList section */
	};
	rootObject = 1EE5430E1D2B58AC003A909C /* Project object */;
}
